
Microsoft Visual Studio Solution File, Format Version 12.00
# Visual Studio Version 17
VisualStudioVersion = 17.8.34330.188
MinimumVisualStudioVersion = 10.0.40219.1
Project("{2150E333-8FDC-42A3-9474-1A3956D46DE8}") = "1.Start", "1.Start", "{C516A7AF-86B7-4D41-9C6E-BCB105C6A314}"
EndProject
Project("{FAE04EC0-301F-11D3-BF4B-00C04F79EFBC}") = "Common", "Common\Common.csproj", "{BC2F963B-16B9-4C40-94C6-C45D267BE8B1}"
EndProject
Project("{2150E333-8FDC-42A3-9474-1A3956D46DE8}") = "2.BLL", "2.BLL", "{1DABBBC4-22FB-43BE-B054-35C681F36777}"
EndProject
Project("{2150E333-8FDC-42A3-9474-1A3956D46DE8}") = "3.DAL", "3.DAL", "{648A2884-94D9-4D22-88B5-50DDE9AE1FCD}"
EndProject
Project("{2150E333-8FDC-42A3-9474-1A3956D46DE8}") = "4.Model", "4.Model", "{9EFD6897-2499-4A30-8196-2EC9B5DA2F42}"
EndProject
Project("{2150E333-8FDC-42A3-9474-1A3956D46DE8}") = "0.Common", "0.Common", "{A510E9C7-10B9-4995-9B89-1FF520D57D4B}"
EndProject
Project("{FAE04EC0-301F-11D3-BF4B-00C04F79EFBC}") = "Base.DAL", "Base.DAL\Base.DAL.csproj", "{12FF4476-7CB4-4B19-B6F3-00DC77165163}"
EndProject
Project("{FAE04EC0-301F-11D3-BF4B-00C04F79EFBC}") = "Base.Start", "Base.Start\Base.Start.csproj", "{C07D67A6-A417-4684-820D-EF2CB0E772C1}"
EndProject
Project("{FAE04EC0-301F-11D3-BF4B-00C04F79EFBC}") = "Base.BLL", "Base.BLL\Base.BLL.csproj", "{01B53EE2-AAA5-44BF-939D-31C3977AE9C2}"
EndProject
Project("{FAE04EC0-301F-11D3-BF4B-00C04F79EFBC}") = "Base.Model", "Base.Model\Base.Model.csproj", "{AC3CB188-3DA7-46C7-A836-25EE9FF64AA2}"
EndProject
Project("{2150E333-8FDC-42A3-9474-1A3956D46DE8}") = "5.Assets", "5.Assets", "{3684541C-9F34-4D2A-AF20-4DFFC2106840}"
EndProject
Project("{FAE04EC0-301F-11D3-BF4B-00C04F79EFBC}") = "BaseFramework.WPF.Asset", "..\XG.Framework.01Config\BaseFramework.WPF.Asset\BaseFramework.WPF.Asset.csproj", "{915969EA-FA5B-45FE-8D7C-1E0FEA367CD6}"
EndProject
Project("{2150E333-8FDC-42A3-9474-1A3956D46DE8}") = "6.Helper", "6.Helper", "{4B6044E7-FFEF-473B-BA59-216F2CFDAD2C}"
EndProject
Project("{FAE04EC0-301F-11D3-BF4B-00C04F79EFBC}") = "BaseFramework.ToolsLib", "..\XG.Framework.01Config\BaseFramework.ToolsLib\BaseFramework.ToolsLib.csproj", "{7673A976-FCDA-431C-8FC3-B31F42458BE3}"
EndProject
Project("{FAE04EC0-301F-11D3-BF4B-00C04F79EFBC}") = "BaseFramework.ConfigLib", "..\XG.Framework.01Config\BaseFramework.ConfigLib\BaseFramework.ConfigLib.csproj", "{F1E05814-D249-420C-BD5D-966119B00C87}"
EndProject
Project("{FAE04EC0-301F-11D3-BF4B-00C04F79EFBC}") = "BaseFramework.DataConvertLib", "..\XG.Framework.01Config\BaseFramework.DataConvertLib\BaseFramework.DataConvertLib.csproj", "{08AEBFBF-F3CF-4F30-B811-C70B41738CAC}"
EndProject
Project("{FAE04EC0-301F-11D3-BF4B-00C04F79EFBC}") = "BaseFramework.CommunicationLib", "..\XG.Framework.01Config\BaseFramework.CommunicationLib\BaseFramework.CommunicationLib.csproj", "{9A981731-AF5B-4578-A0D8-235103414709}"
EndProject
Global
	GlobalSection(SolutionConfigurationPlatforms) = preSolution
		Debug|Any CPU = Debug|Any CPU
		Debug|x64 = Debug|x64
		Release|Any CPU = Release|Any CPU
		Release|x64 = Release|x64
	EndGlobalSection
	GlobalSection(ProjectConfigurationPlatforms) = postSolution
		{BC2F963B-16B9-4C40-94C6-C45D267BE8B1}.Debug|Any CPU.ActiveCfg = Debug|Any CPU
		{BC2F963B-16B9-4C40-94C6-C45D267BE8B1}.Debug|Any CPU.Build.0 = Debug|Any CPU
		{BC2F963B-16B9-4C40-94C6-C45D267BE8B1}.Debug|x64.ActiveCfg = Debug|Any CPU
		{BC2F963B-16B9-4C40-94C6-C45D267BE8B1}.Debug|x64.Build.0 = Debug|Any CPU
		{BC2F963B-16B9-4C40-94C6-C45D267BE8B1}.Release|Any CPU.ActiveCfg = Release|Any CPU
		{BC2F963B-16B9-4C40-94C6-C45D267BE8B1}.Release|Any CPU.Build.0 = Release|Any CPU
		{BC2F963B-16B9-4C40-94C6-C45D267BE8B1}.Release|x64.ActiveCfg = Release|Any CPU
		{BC2F963B-16B9-4C40-94C6-C45D267BE8B1}.Release|x64.Build.0 = Release|Any CPU
		{12FF4476-7CB4-4B19-B6F3-00DC77165163}.Debug|Any CPU.ActiveCfg = Debug|Any CPU
		{12FF4476-7CB4-4B19-B6F3-00DC77165163}.Debug|Any CPU.Build.0 = Debug|Any CPU
		{12FF4476-7CB4-4B19-B6F3-00DC77165163}.Debug|x64.ActiveCfg = Debug|Any CPU
		{12FF4476-7CB4-4B19-B6F3-00DC77165163}.Debug|x64.Build.0 = Debug|Any CPU
		{12FF4476-7CB4-4B19-B6F3-00DC77165163}.Release|Any CPU.ActiveCfg = Release|Any CPU
		{12FF4476-7CB4-4B19-B6F3-00DC77165163}.Release|Any CPU.Build.0 = Release|Any CPU
		{12FF4476-7CB4-4B19-B6F3-00DC77165163}.Release|x64.ActiveCfg = Release|Any CPU
		{12FF4476-7CB4-4B19-B6F3-00DC77165163}.Release|x64.Build.0 = Release|Any CPU
		{C07D67A6-A417-4684-820D-EF2CB0E772C1}.Debug|Any CPU.ActiveCfg = Debug|Any CPU
		{C07D67A6-A417-4684-820D-EF2CB0E772C1}.Debug|Any CPU.Build.0 = Debug|Any CPU
		{C07D67A6-A417-4684-820D-EF2CB0E772C1}.Debug|x64.ActiveCfg = Debug|Any CPU
		{C07D67A6-A417-4684-820D-EF2CB0E772C1}.Debug|x64.Build.0 = Debug|Any CPU
		{C07D67A6-A417-4684-820D-EF2CB0E772C1}.Release|Any CPU.ActiveCfg = Release|Any CPU
		{C07D67A6-A417-4684-820D-EF2CB0E772C1}.Release|Any CPU.Build.0 = Release|Any CPU
		{C07D67A6-A417-4684-820D-EF2CB0E772C1}.Release|x64.ActiveCfg = Release|Any CPU
		{C07D67A6-A417-4684-820D-EF2CB0E772C1}.Release|x64.Build.0 = Release|Any CPU
		{01B53EE2-AAA5-44BF-939D-31C3977AE9C2}.Debug|Any CPU.ActiveCfg = Debug|Any CPU
		{01B53EE2-AAA5-44BF-939D-31C3977AE9C2}.Debug|Any CPU.Build.0 = Debug|Any CPU
		{01B53EE2-AAA5-44BF-939D-31C3977AE9C2}.Debug|x64.ActiveCfg = Debug|Any CPU
		{01B53EE2-AAA5-44BF-939D-31C3977AE9C2}.Debug|x64.Build.0 = Debug|Any CPU
		{01B53EE2-AAA5-44BF-939D-31C3977AE9C2}.Release|Any CPU.ActiveCfg = Release|Any CPU
		{01B53EE2-AAA5-44BF-939D-31C3977AE9C2}.Release|Any CPU.Build.0 = Release|Any CPU
		{01B53EE2-AAA5-44BF-939D-31C3977AE9C2}.Release|x64.ActiveCfg = Release|Any CPU
		{01B53EE2-AAA5-44BF-939D-31C3977AE9C2}.Release|x64.Build.0 = Release|Any CPU
		{AC3CB188-3DA7-46C7-A836-25EE9FF64AA2}.Debug|Any CPU.ActiveCfg = Debug|Any CPU
		{AC3CB188-3DA7-46C7-A836-25EE9FF64AA2}.Debug|Any CPU.Build.0 = Debug|Any CPU
		{AC3CB188-3DA7-46C7-A836-25EE9FF64AA2}.Debug|x64.ActiveCfg = Debug|Any CPU
		{AC3CB188-3DA7-46C7-A836-25EE9FF64AA2}.Debug|x64.Build.0 = Debug|Any CPU
		{AC3CB188-3DA7-46C7-A836-25EE9FF64AA2}.Release|Any CPU.ActiveCfg = Release|Any CPU
		{AC3CB188-3DA7-46C7-A836-25EE9FF64AA2}.Release|Any CPU.Build.0 = Release|Any CPU
		{AC3CB188-3DA7-46C7-A836-25EE9FF64AA2}.Release|x64.ActiveCfg = Release|Any CPU
		{AC3CB188-3DA7-46C7-A836-25EE9FF64AA2}.Release|x64.Build.0 = Release|Any CPU
		{915969EA-FA5B-45FE-8D7C-1E0FEA367CD6}.Debug|Any CPU.ActiveCfg = Debug|Any CPU
		{915969EA-FA5B-45FE-8D7C-1E0FEA367CD6}.Debug|Any CPU.Build.0 = Debug|Any CPU
		{915969EA-FA5B-45FE-8D7C-1E0FEA367CD6}.Debug|x64.ActiveCfg = Debug|Any CPU
		{915969EA-FA5B-45FE-8D7C-1E0FEA367CD6}.Debug|x64.Build.0 = Debug|Any CPU
		{915969EA-FA5B-45FE-8D7C-1E0FEA367CD6}.Release|Any CPU.ActiveCfg = Release|Any CPU
		{915969EA-FA5B-45FE-8D7C-1E0FEA367CD6}.Release|Any CPU.Build.0 = Release|Any CPU
		{915969EA-FA5B-45FE-8D7C-1E0FEA367CD6}.Release|x64.ActiveCfg = Release|Any CPU
		{915969EA-FA5B-45FE-8D7C-1E0FEA367CD6}.Release|x64.Build.0 = Release|Any CPU
		{7673A976-FCDA-431C-8FC3-B31F42458BE3}.Debug|Any CPU.ActiveCfg = Debug|Any CPU
		{7673A976-FCDA-431C-8FC3-B31F42458BE3}.Debug|Any CPU.Build.0 = Debug|Any CPU
		{7673A976-FCDA-431C-8FC3-B31F42458BE3}.Debug|x64.ActiveCfg = Debug|Any CPU
		{7673A976-FCDA-431C-8FC3-B31F42458BE3}.Debug|x64.Build.0 = Debug|Any CPU
		{7673A976-FCDA-431C-8FC3-B31F42458BE3}.Release|Any CPU.ActiveCfg = Release|Any CPU
		{7673A976-FCDA-431C-8FC3-B31F42458BE3}.Release|Any CPU.Build.0 = Release|Any CPU
		{7673A976-FCDA-431C-8FC3-B31F42458BE3}.Release|x64.ActiveCfg = Release|Any CPU
		{7673A976-FCDA-431C-8FC3-B31F42458BE3}.Release|x64.Build.0 = Release|Any CPU
		{F1E05814-D249-420C-BD5D-966119B00C87}.Debug|Any CPU.ActiveCfg = Debug|Any CPU
		{F1E05814-D249-420C-BD5D-966119B00C87}.Debug|Any CPU.Build.0 = Debug|Any CPU
		{F1E05814-D249-420C-BD5D-966119B00C87}.Debug|x64.ActiveCfg = Debug|Any CPU
		{F1E05814-D249-420C-BD5D-966119B00C87}.Debug|x64.Build.0 = Debug|Any CPU
		{F1E05814-D249-420C-BD5D-966119B00C87}.Release|Any CPU.ActiveCfg = Release|Any CPU
		{F1E05814-D249-420C-BD5D-966119B00C87}.Release|Any CPU.Build.0 = Release|Any CPU
		{F1E05814-D249-420C-BD5D-966119B00C87}.Release|x64.ActiveCfg = Release|Any CPU
		{F1E05814-D249-420C-BD5D-966119B00C87}.Release|x64.Build.0 = Release|Any CPU
		{08AEBFBF-F3CF-4F30-B811-C70B41738CAC}.Debug|Any CPU.ActiveCfg = Debug|Any CPU
		{08AEBFBF-F3CF-4F30-B811-C70B41738CAC}.Debug|Any CPU.Build.0 = Debug|Any CPU
		{08AEBFBF-F3CF-4F30-B811-C70B41738CAC}.Debug|x64.ActiveCfg = Debug|Any CPU
		{08AEBFBF-F3CF-4F30-B811-C70B41738CAC}.Debug|x64.Build.0 = Debug|Any CPU
		{08AEBFBF-F3CF-4F30-B811-C70B41738CAC}.Release|Any CPU.ActiveCfg = Release|Any CPU
		{08AEBFBF-F3CF-4F30-B811-C70B41738CAC}.Release|Any CPU.Build.0 = Release|Any CPU
		{08AEBFBF-F3CF-4F30-B811-C70B41738CAC}.Release|x64.ActiveCfg = Release|Any CPU
		{08AEBFBF-F3CF-4F30-B811-C70B41738CAC}.Release|x64.Build.0 = Release|Any CPU
		{9A981731-AF5B-4578-A0D8-235103414709}.Debug|Any CPU.ActiveCfg = Debug|Any CPU
		{9A981731-AF5B-4578-A0D8-235103414709}.Debug|Any CPU.Build.0 = Debug|Any CPU
		{9A981731-AF5B-4578-A0D8-235103414709}.Debug|x64.ActiveCfg = Debug|Any CPU
		{9A981731-AF5B-4578-A0D8-235103414709}.Debug|x64.Build.0 = Debug|Any CPU
		{9A981731-AF5B-4578-A0D8-235103414709}.Release|Any CPU.ActiveCfg = Release|Any CPU
		{9A981731-AF5B-4578-A0D8-235103414709}.Release|Any CPU.Build.0 = Release|Any CPU
		{9A981731-AF5B-4578-A0D8-235103414709}.Release|x64.ActiveCfg = Release|Any CPU
		{9A981731-AF5B-4578-A0D8-235103414709}.Release|x64.Build.0 = Release|Any CPU
	EndGlobalSection
	GlobalSection(SolutionProperties) = preSolution
		HideSolutionNode = FALSE
	EndGlobalSection
	GlobalSection(NestedProjects) = preSolution
		{BC2F963B-16B9-4C40-94C6-C45D267BE8B1} = {A510E9C7-10B9-4995-9B89-1FF520D57D4B}
		{12FF4476-7CB4-4B19-B6F3-00DC77165163} = {648A2884-94D9-4D22-88B5-50DDE9AE1FCD}
		{C07D67A6-A417-4684-820D-EF2CB0E772C1} = {C516A7AF-86B7-4D41-9C6E-BCB105C6A314}
		{01B53EE2-AAA5-44BF-939D-31C3977AE9C2} = {1DABBBC4-22FB-43BE-B054-35C681F36777}
		{AC3CB188-3DA7-46C7-A836-25EE9FF64AA2} = {9EFD6897-2499-4A30-8196-2EC9B5DA2F42}
		{915969EA-FA5B-45FE-8D7C-1E0FEA367CD6} = {3684541C-9F34-4D2A-AF20-4DFFC2106840}
		{7673A976-FCDA-431C-8FC3-B31F42458BE3} = {4B6044E7-FFEF-473B-BA59-216F2CFDAD2C}
		{F1E05814-D249-420C-BD5D-966119B00C87} = {4B6044E7-FFEF-473B-BA59-216F2CFDAD2C}
		{08AEBFBF-F3CF-4F30-B811-C70B41738CAC} = {4B6044E7-FFEF-473B-BA59-216F2CFDAD2C}
		{9A981731-AF5B-4578-A0D8-235103414709} = {4B6044E7-FFEF-473B-BA59-216F2CFDAD2C}
	EndGlobalSection
	GlobalSection(ExtensibilityGlobals) = postSolution
		SolutionGuid = {6B7914DD-2F9D-4FF3-A23B-951D7A02CA1D}
	EndGlobalSection
EndGlobal
